// !$*UTF8*$!
{
	archiveVersion = 1;
	classes = {
	};
	objectVersion = 46;
	objects = {

/* Begin PBXBuildFile section */
		3F2040A31C5132B30055B692 /* TouchCircle.swift in Sources */ = {isa = PBXBuildFile; fileRef = 3F2040A21C5132B30055B692 /* TouchCircle.swift */; };
		3F2040A51C513A920055B692 /* Player.swift in Sources */ = {isa = PBXBuildFile; fileRef = 3F2040A41C513A920055B692 /* Player.swift */; };
		3F263E7F1C55A2BB00F54B49 /* Star.swift in Sources */ = {isa = PBXBuildFile; fileRef = 3F263E7E1C55A2BB00F54B49 /* Star.swift */; };
		3F263E811C55A4A900F54B49 /* StarController.swift in Sources */ = {isa = PBXBuildFile; fileRef = 3F263E801C55A4A900F54B49 /* StarController.swift */; };
		3F5EF6071C583D2300E469A5 /* PauseButton.swift in Sources */ = {isa = PBXBuildFile; fileRef = 3F5EF6061C583D2300E469A5 /* PauseButton.swift */; };
		3F7083391C4F14130051927B /* Main.storyboard in Resources */ = {isa = PBXBuildFile; fileRef = 3F7083371C4F14130051927B /* Main.storyboard */; };
		3F70833B1C4F14130051927B /* Assets.xcassets in Resources */ = {isa = PBXBuildFile; fileRef = 3F70833A1C4F14130051927B /* Assets.xcassets */; };
		3F7083491C4F14130051927B /* SpaceRunnerTests.swift in Sources */ = {isa = PBXBuildFile; fileRef = 3F7083481C4F14130051927B /* SpaceRunnerTests.swift */; };
		3F7083541C4F14130051927B /* SpaceRunnerUITests.swift in Sources */ = {isa = PBXBuildFile; fileRef = 3F7083531C4F14130051927B /* SpaceRunnerUITests.swift */; };
		3F7083651C4F1B5B0051927B /* AppDelegate.swift in Sources */ = {isa = PBXBuildFile; fileRef = 3F7083621C4F1B5B0051927B /* AppDelegate.swift */; };
		3F7083661C4F1B5B0051927B /* GameScene.swift in Sources */ = {isa = PBXBuildFile; fileRef = 3F7083631C4F1B5B0051927B /* GameScene.swift */; };
		3F7083671C4F1B5B0051927B /* GameViewController.swift in Sources */ = {isa = PBXBuildFile; fileRef = 3F7083641C4F1B5B0051927B /* GameViewController.swift */; };
		3F7083831C4F1C000051927B /* editundo.ttf in Resources */ = {isa = PBXBuildFile; fileRef = 3F70836A1C4F1C000051927B /* editundo.ttf */; };
		3F7083861C4F1C000051927B /* CGFloat+Extensions.swift in Sources */ = {isa = PBXBuildFile; fileRef = 3F70836F1C4F1C000051927B /* CGFloat+Extensions.swift */; };
		3F7083871C4F1C000051927B /* CGPoint+Extensions.swift in Sources */ = {isa = PBXBuildFile; fileRef = 3F7083701C4F1C000051927B /* CGPoint+Extensions.swift */; };
		3F7083881C4F1C000051927B /* CGVector+Extensions.swift in Sources */ = {isa = PBXBuildFile; fileRef = 3F7083711C4F1C000051927B /* CGVector+Extensions.swift */; };
		3F7083891C4F1C000051927B /* Int+Extensions.swift in Sources */ = {isa = PBXBuildFile; fileRef = 3F7083721C4F1C000051927B /* Int+Extensions.swift */; };
		3F70838A1C4F1C000051927B /* SKAction+Extensions.swift in Sources */ = {isa = PBXBuildFile; fileRef = 3F7083731C4F1C000051927B /* SKAction+Extensions.swift */; };
		3F70838B1C4F1C000051927B /* SKAction+SpecialEffects.swift in Sources */ = {isa = PBXBuildFile; fileRef = 3F7083741C4F1C000051927B /* SKAction+SpecialEffects.swift */; };
		3F70838C1C4F1C000051927B /* SKColor+Extensions.swift in Sources */ = {isa = PBXBuildFile; fileRef = 3F7083751C4F1C000051927B /* SKColor+Extensions.swift */; };
		3F70838D1C4F1C000051927B /* SKNode+Extensions.swift in Sources */ = {isa = PBXBuildFile; fileRef = 3F7083761C4F1C000051927B /* SKNode+Extensions.swift */; };
		3F70838F1C4F1C000051927B /* SKTEffects.swift in Sources */ = {isa = PBXBuildFile; fileRef = 3F7083781C4F1C000051927B /* SKTEffects.swift */; };
		3F7083901C4F1C000051927B /* SKTTimingFunctions.swift in Sources */ = {isa = PBXBuildFile; fileRef = 3F7083791C4F1C000051927B /* SKTTimingFunctions.swift */; };
		3F7083911C4F1C000051927B /* Vector3.swift in Sources */ = {isa = PBXBuildFile; fileRef = 3F70837A1C4F1C000051927B /* Vector3.swift */; };
		3F7083921C4F1C000051927B /* GameMusic.mp3 in Resources */ = {isa = PBXBuildFile; fileRef = 3F70837C1C4F1C000051927B /* GameMusic.mp3 */; };
		3F7083931C4F1C000051927B /* ButtonTap.caf in Resources */ = {isa = PBXBuildFile; fileRef = 3F70837E1C4F1C000051927B /* ButtonTap.caf */; };
		3F7083941C4F1C000051927B /* Explosion.caf in Resources */ = {isa = PBXBuildFile; fileRef = 3F70837F1C4F1C000051927B /* Explosion.caf */; };
		3F7083951C4F1C000051927B /* Pickup.caf in Resources */ = {isa = PBXBuildFile; fileRef = 3F7083801C4F1C000051927B /* Pickup.caf */; };
		3F7083961C4F1C000051927B /* ShieldDown.caf in Resources */ = {isa = PBXBuildFile; fileRef = 3F7083811C4F1C000051927B /* ShieldDown.caf */; };
		3F7083971C4F1C000051927B /* ShieldUp.caf in Resources */ = {isa = PBXBuildFile; fileRef = 3F7083821C4F1C000051927B /* ShieldUp.caf */; };
		3F70839C1C4F222F0051927B /* Constants.swift in Sources */ = {isa = PBXBuildFile; fileRef = 3F70839B1C4F222F0051927B /* Constants.swift */; };
		3F7083A01C4F2A800051927B /* MenuScene.swift in Sources */ = {isa = PBXBuildFile; fileRef = 3F70839F1C4F2A800051927B /* MenuScene.swift */; };
		3F7083A21C4F2C4B0051927B /* GameOverScene.swift in Sources */ = {isa = PBXBuildFile; fileRef = 3F7083A11C4F2C4B0051927B /* GameOverScene.swift */; };
		3FDF90AE1C53C5E9003EABA1 /* Meteor.swift in Sources */ = {isa = PBXBuildFile; fileRef = 3FDF90AD1C53C5E9003EABA1 /* Meteor.swift */; };
		3FDF90B01C53D19C003EABA1 /* MeteorController.swift in Sources */ = {isa = PBXBuildFile; fileRef = 3FDF90AF1C53D19C003EABA1 /* MeteorController.swift */; };
		3FF0C4E31C5C4E5C009CF93C /* Grayscale.fsh in Resources */ = {isa = PBXBuildFile; fileRef = 3FF0C4E21C5C4E5C009CF93C /* Grayscale.fsh */; };
		3FF0C4E51C5C5285009CF93C /* GameShaders.swift in Sources */ = {isa = PBXBuildFile; fileRef = 3FF0C4E41C5C5285009CF93C /* GameShaders.swift */; };
		3FF15A421C55233500D2E9FF /* GameFonts.swift in Sources */ = {isa = PBXBuildFile; fileRef = 3FF15A411C55233500D2E9FF /* GameFonts.swift */; };
		3FF15A451C55325E00D2E9FF /* StatusBar.swift in Sources */ = {isa = PBXBuildFile; fileRef = 3FF15A441C55325E00D2E9FF /* StatusBar.swift */; };
		3FF15A471C554C8300D2E9FF /* GameSettings.swift in Sources */ = {isa = PBXBuildFile; fileRef = 3FF15A461C554C8300D2E9FF /* GameSettings.swift */; };
		3FF920261C56AAD2008942E2 /* GameOverTitle.swift in Sources */ = {isa = PBXBuildFile; fileRef = 3FF920251C56AAD2008942E2 /* GameOverTitle.swift */; };
		3FF920281C56AB79008942E2 /* ScoreBoard.swift in Sources */ = {isa = PBXBuildFile; fileRef = 3FF920271C56AB79008942E2 /* ScoreBoard.swift */; };
		3FF9202A1C5808E3008942E2 /* GameAudio.swift in Sources */ = {isa = PBXBuildFile; fileRef = 3FF920291C5808E3008942E2 /* GameAudio.swift */; };
		3FFD27921C503224009798E6 /* GameTextures.swift in Sources */ = {isa = PBXBuildFile; fileRef = 3FFD27911C503224009798E6 /* GameTextures.swift */; };
		3FFD27941C503F01009798E6 /* GameParticles.swift in Sources */ = {isa = PBXBuildFile; fileRef = 3FFD27931C503F01009798E6 /* GameParticles.swift */; };
		3FFD27961C50417B009798E6 /* Colors.swift in Sources */ = {isa = PBXBuildFile; fileRef = 3FFD27951C50417B009798E6 /* Colors.swift */; };
		3FFD27981C504662009798E6 /* Math.swift in Sources */ = {isa = PBXBuildFile; fileRef = 3FFD27971C504662009798E6 /* Math.swift */; };
		3FFD279B1C505324009798E6 /* Background.swift in Sources */ = {isa = PBXBuildFile; fileRef = 3FFD279A1C505324009798E6 /* Background.swift */; };
		3FFD279E1C50600C009798E6 /* PlayButton.swift in Sources */ = {isa = PBXBuildFile; fileRef = 3FFD279D1C50600C009798E6 /* PlayButton.swift */; };
		3FFD27A01C5064A9009798E6 /* StartButton.swift in Sources */ = {isa = PBXBuildFile; fileRef = 3FFD279F1C5064A9009798E6 /* StartButton.swift */; };
		3FFD27A21C506615009798E6 /* RetryButton.swift in Sources */ = {isa = PBXBuildFile; fileRef = 3FFD27A11C506615009798E6 /* RetryButton.swift */; };
		3FFD27BB1C5076E3009798E6 /* Default-568h@2x.png in Resources */ = {isa = PBXBuildFile; fileRef = 3FFD27B51C5076E3009798E6 /* Default-568h@2x.png */; };
		3FFD27BC1C5076E3009798E6 /* Default.png in Resources */ = {isa = PBXBuildFile; fileRef = 3FFD27B61C5076E3009798E6 /* Default.png */; };
		3FFD27BD1C5076E3009798E6 /* Default@2x.png in Resources */ = {isa = PBXBuildFile; fileRef = 3FFD27B71C5076E3009798E6 /* Default@2x.png */; };
		3FFD27BE1C5076E3009798E6 /* Default@2x~ipad.png in Resources */ = {isa = PBXBuildFile; fileRef = 3FFD27B81C5076E3009798E6 /* Default@2x~ipad.png */; };
		3FFD27BF1C5076E3009798E6 /* Default@3x.png in Resources */ = {isa = PBXBuildFile; fileRef = 3FFD27B91C5076E3009798E6 /* Default@3x.png */; };
		3FFD27C01C5076E3009798E6 /* Default~ipad.png in Resources */ = {isa = PBXBuildFile; fileRef = 3FFD27BA1C5076E3009798E6 /* Default~ipad.png */; };
		3FFD280E1C507DAF009798E6 /* GameTitle.swift in Sources */ = {isa = PBXBuildFile; fileRef = 3FFD280D1C507DAF009798E6 /* GameTitle.swift */; };
		3FFD28101C507E93009798E6 /* GameTitleShip.swift in Sources */ = {isa = PBXBuildFile; fileRef = 3FFD280F1C507E93009798E6 /* GameTitleShip.swift */; };
/* End PBXBuildFile section */

/* Begin PBXContainerItemProxy section */
		3F7083451C4F14130051927B /* PBXContainerItemProxy */ = {
			isa = PBXContainerItemProxy;
			containerPortal = 3F7083241C4F14130051927B /* Project object */;
			proxyType = 1;
			remoteGlobalIDString = 3F70832B1C4F14130051927B;
			remoteInfo = SpaceRunner;
		};
		3F7083501C4F14130051927B /* PBXContainerItemProxy */ = {
			isa = PBXContainerItemProxy;
			containerPortal = 3F7083241C4F14130051927B /* Project object */;
			proxyType = 1;
			remoteGlobalIDString = 3F70832B1C4F14130051927B;
			remoteInfo = SpaceRunner;
		};
/* End PBXContainerItemProxy section */

/* Begin PBXFileReference section */
		3F2040A21C5132B30055B692 /* TouchCircle.swift */ = {isa = PBXFileReference; fileEncoding = 4; lastKnownFileType = sourcecode.swift; path = TouchCircle.swift; sourceTree = "<group>"; };
		3F2040A41C513A920055B692 /* Player.swift */ = {isa = PBXFileReference; fileEncoding = 4; lastKnownFileType = sourcecode.swift; path = Player.swift; sourceTree = "<group>"; };
		3F263E7E1C55A2BB00F54B49 /* Star.swift */ = {isa = PBXFileReference; fileEncoding = 4; lastKnownFileType = sourcecode.swift; path = Star.swift; sourceTree = "<group>"; };
		3F263E801C55A4A900F54B49 /* StarController.swift */ = {isa = PBXFileReference; fileEncoding = 4; lastKnownFileType = sourcecode.swift; path = StarController.swift; sourceTree = "<group>"; };
		3F5EF6061C583D2300E469A5 /* PauseButton.swift */ = {isa = PBXFileReference; fileEncoding = 4; lastKnownFileType = sourcecode.swift; path = PauseButton.swift; sourceTree = "<group>"; };
		3F70832C1C4F14130051927B /* SpaceRunner.app */ = {isa = PBXFileReference; explicitFileType = wrapper.application; includeInIndex = 0; path = SpaceRunner.app; sourceTree = BUILT_PRODUCTS_DIR; };
		3F7083381C4F14130051927B /* Base */ = {isa = PBXFileReference; lastKnownFileType = file.storyboard; name = Base; path = Base.lproj/Main.storyboard; sourceTree = "<group>"; };
		3F70833A1C4F14130051927B /* Assets.xcassets */ = {isa = PBXFileReference; lastKnownFileType = folder.assetcatalog; path = Assets.xcassets; sourceTree = "<group>"; };
		3F70833F1C4F14130051927B /* Info.plist */ = {isa = PBXFileReference; lastKnownFileType = text.plist.xml; path = Info.plist; sourceTree = "<group>"; };
		3F7083441C4F14130051927B /* SpaceRunnerTests.xctest */ = {isa = PBXFileReference; explicitFileType = wrapper.cfbundle; includeInIndex = 0; path = SpaceRunnerTests.xctest; sourceTree = BUILT_PRODUCTS_DIR; };
		3F7083481C4F14130051927B /* SpaceRunnerTests.swift */ = {isa = PBXFileReference; lastKnownFileType = sourcecode.swift; path = SpaceRunnerTests.swift; sourceTree = "<group>"; };
		3F70834A1C4F14130051927B /* Info.plist */ = {isa = PBXFileReference; lastKnownFileType = text.plist.xml; path = Info.plist; sourceTree = "<group>"; };
		3F70834F1C4F14130051927B /* SpaceRunnerUITests.xctest */ = {isa = PBXFileReference; explicitFileType = wrapper.cfbundle; includeInIndex = 0; path = SpaceRunnerUITests.xctest; sourceTree = BUILT_PRODUCTS_DIR; };
		3F7083531C4F14130051927B /* SpaceRunnerUITests.swift */ = {isa = PBXFileReference; lastKnownFileType = sourcecode.swift; path = SpaceRunnerUITests.swift; sourceTree = "<group>"; };
		3F7083551C4F14130051927B /* Info.plist */ = {isa = PBXFileReference; lastKnownFileType = text.plist.xml; path = Info.plist; sourceTree = "<group>"; };
		3F7083621C4F1B5B0051927B /* AppDelegate.swift */ = {isa = PBXFileReference; fileEncoding = 4; lastKnownFileType = sourcecode.swift; path = AppDelegate.swift; sourceTree = "<group>"; };
		3F7083631C4F1B5B0051927B /* GameScene.swift */ = {isa = PBXFileReference; fileEncoding = 4; lastKnownFileType = sourcecode.swift; path = GameScene.swift; sourceTree = "<group>"; };
		3F7083641C4F1B5B0051927B /* GameViewController.swift */ = {isa = PBXFileReference; fileEncoding = 4; lastKnownFileType = sourcecode.swift; path = GameViewController.swift; sourceTree = "<group>"; };
		3F70836A1C4F1C000051927B /* editundo.ttf */ = {isa = PBXFileReference; lastKnownFileType = file; path = editundo.ttf; sourceTree = "<group>"; };
		3F70836F1C4F1C000051927B /* CGFloat+Extensions.swift */ = {isa = PBXFileReference; fileEncoding = 4; lastKnownFileType = sourcecode.swift; path = "CGFloat+Extensions.swift"; sourceTree = "<group>"; };
		3F7083701C4F1C000051927B /* CGPoint+Extensions.swift */ = {isa = PBXFileReference; fileEncoding = 4; lastKnownFileType = sourcecode.swift; path = "CGPoint+Extensions.swift"; sourceTree = "<group>"; };
		3F7083711C4F1C000051927B /* CGVector+Extensions.swift */ = {isa = PBXFileReference; fileEncoding = 4; lastKnownFileType = sourcecode.swift; path = "CGVector+Extensions.swift"; sourceTree = "<group>"; };
		3F7083721C4F1C000051927B /* Int+Extensions.swift */ = {isa = PBXFileReference; fileEncoding = 4; lastKnownFileType = sourcecode.swift; path = "Int+Extensions.swift"; sourceTree = "<group>"; };
		3F7083731C4F1C000051927B /* SKAction+Extensions.swift */ = {isa = PBXFileReference; fileEncoding = 4; lastKnownFileType = sourcecode.swift; path = "SKAction+Extensions.swift"; sourceTree = "<group>"; };
		3F7083741C4F1C000051927B /* SKAction+SpecialEffects.swift */ = {isa = PBXFileReference; fileEncoding = 4; lastKnownFileType = sourcecode.swift; path = "SKAction+SpecialEffects.swift"; sourceTree = "<group>"; };
		3F7083751C4F1C000051927B /* SKColor+Extensions.swift */ = {isa = PBXFileReference; fileEncoding = 4; lastKnownFileType = sourcecode.swift; path = "SKColor+Extensions.swift"; sourceTree = "<group>"; };
		3F7083761C4F1C000051927B /* SKNode+Extensions.swift */ = {isa = PBXFileReference; fileEncoding = 4; lastKnownFileType = sourcecode.swift; path = "SKNode+Extensions.swift"; sourceTree = "<group>"; };
		3F7083781C4F1C000051927B /* SKTEffects.swift */ = {isa = PBXFileReference; fileEncoding = 4; lastKnownFileType = sourcecode.swift; path = SKTEffects.swift; sourceTree = "<group>"; };
		3F7083791C4F1C000051927B /* SKTTimingFunctions.swift */ = {isa = PBXFileReference; fileEncoding = 4; lastKnownFileType = sourcecode.swift; path = SKTTimingFunctions.swift; sourceTree = "<group>"; };
		3F70837A1C4F1C000051927B /* Vector3.swift */ = {isa = PBXFileReference; fileEncoding = 4; lastKnownFileType = sourcecode.swift; path = Vector3.swift; sourceTree = "<group>"; };
		3F70837C1C4F1C000051927B /* GameMusic.mp3 */ = {isa = PBXFileReference; lastKnownFileType = audio.mp3; path = GameMusic.mp3; sourceTree = "<group>"; };
		3F70837E1C4F1C000051927B /* ButtonTap.caf */ = {isa = PBXFileReference; lastKnownFileType = file; path = ButtonTap.caf; sourceTree = "<group>"; };
		3F70837F1C4F1C000051927B /* Explosion.caf */ = {isa = PBXFileReference; lastKnownFileType = file; path = Explosion.caf; sourceTree = "<group>"; };
		3F7083801C4F1C000051927B /* Pickup.caf */ = {isa = PBXFileReference; lastKnownFileType = file; path = Pickup.caf; sourceTree = "<group>"; };
		3F7083811C4F1C000051927B /* ShieldDown.caf */ = {isa = PBXFileReference; lastKnownFileType = file; path = ShieldDown.caf; sourceTree = "<group>"; };
		3F7083821C4F1C000051927B /* ShieldUp.caf */ = {isa = PBXFileReference; lastKnownFileType = file; path = ShieldUp.caf; sourceTree = "<group>"; };
		3F70839B1C4F222F0051927B /* Constants.swift */ = {isa = PBXFileReference; fileEncoding = 4; lastKnownFileType = sourcecode.swift; path = Constants.swift; sourceTree = "<group>"; };
		3F70839F1C4F2A800051927B /* MenuScene.swift */ = {isa = PBXFileReference; fileEncoding = 4; lastKnownFileType = sourcecode.swift; path = MenuScene.swift; sourceTree = "<group>"; };
		3F7083A11C4F2C4B0051927B /* GameOverScene.swift */ = {isa = PBXFileReference; fileEncoding = 4; lastKnownFileType = sourcecode.swift; path = GameOverScene.swift; sourceTree = "<group>"; };
		3FDF90AD1C53C5E9003EABA1 /* Meteor.swift */ = {isa = PBXFileReference; fileEncoding = 4; lastKnownFileType = sourcecode.swift; path = Meteor.swift; sourceTree = "<group>"; };
		3FDF90AF1C53D19C003EABA1 /* MeteorController.swift */ = {isa = PBXFileReference; fileEncoding = 4; lastKnownFileType = sourcecode.swift; path = MeteorController.swift; sourceTree = "<group>"; };
		3FF0C4E21C5C4E5C009CF93C /* Grayscale.fsh */ = {isa = PBXFileReference; fileEncoding = 4; lastKnownFileType = sourcecode.glsl; path = Grayscale.fsh; sourceTree = "<group>"; };
		3FF0C4E41C5C5285009CF93C /* GameShaders.swift */ = {isa = PBXFileReference; fileEncoding = 4; lastKnownFileType = sourcecode.swift; path = GameShaders.swift; sourceTree = "<group>"; };
		3FF15A411C55233500D2E9FF /* GameFonts.swift */ = {isa = PBXFileReference; fileEncoding = 4; lastKnownFileType = sourcecode.swift; path = GameFonts.swift; sourceTree = "<group>"; };
		3FF15A441C55325E00D2E9FF /* StatusBar.swift */ = {isa = PBXFileReference; fileEncoding = 4; lastKnownFileType = sourcecode.swift; path = StatusBar.swift; sourceTree = "<group>"; };
		3FF15A461C554C8300D2E9FF /* GameSettings.swift */ = {isa = PBXFileReference; fileEncoding = 4; lastKnownFileType = sourcecode.swift; path = GameSettings.swift; sourceTree = "<group>"; };
		3FF920251C56AAD2008942E2 /* GameOverTitle.swift */ = {isa = PBXFileReference; fileEncoding = 4; lastKnownFileType = sourcecode.swift; path = GameOverTitle.swift; sourceTree = "<group>"; };
		3FF920271C56AB79008942E2 /* ScoreBoard.swift */ = {isa = PBXFileReference; fileEncoding = 4; lastKnownFileType = sourcecode.swift; path = ScoreBoard.swift; sourceTree = "<group>"; };
		3FF920291C5808E3008942E2 /* GameAudio.swift */ = {isa = PBXFileReference; fileEncoding = 4; lastKnownFileType = sourcecode.swift; path = GameAudio.swift; sourceTree = "<group>"; };
		3FFD27911C503224009798E6 /* GameTextures.swift */ = {isa = PBXFileReference; fileEncoding = 4; lastKnownFileType = sourcecode.swift; path = GameTextures.swift; sourceTree = "<group>"; };
		3FFD27931C503F01009798E6 /* GameParticles.swift */ = {isa = PBXFileReference; fileEncoding = 4; lastKnownFileType = sourcecode.swift; path = GameParticles.swift; sourceTree = "<group>"; };
		3FFD27951C50417B009798E6 /* Colors.swift */ = {isa = PBXFileReference; fileEncoding = 4; lastKnownFileType = sourcecode.swift; path = Colors.swift; sourceTree = "<group>"; };
		3FFD27971C504662009798E6 /* Math.swift */ = {isa = PBXFileReference; fileEncoding = 4; lastKnownFileType = sourcecode.swift; path = Math.swift; sourceTree = "<group>"; };
		3FFD279A1C505324009798E6 /* Background.swift */ = {isa = PBXFileReference; fileEncoding = 4; lastKnownFileType = sourcecode.swift; path = Background.swift; sourceTree = "<group>"; };
		3FFD279D1C50600C009798E6 /* PlayButton.swift */ = {isa = PBXFileReference; fileEncoding = 4; lastKnownFileType = sourcecode.swift; path = PlayButton.swift; sourceTree = "<group>"; };
		3FFD279F1C5064A9009798E6 /* StartButton.swift */ = {isa = PBXFileReference; fileEncoding = 4; lastKnownFileType = sourcecode.swift; path = StartButton.swift; sourceTree = "<group>"; };
		3FFD27A11C506615009798E6 /* RetryButton.swift */ = {isa = PBXFileReference; fileEncoding = 4; lastKnownFileType = sourcecode.swift; path = RetryButton.swift; sourceTree = "<group>"; };
		3FFD27B51C5076E3009798E6 /* Default-568h@2x.png */ = {isa = PBXFileReference; lastKnownFileType = image.png; path = "Default-568h@2x.png"; sourceTree = "<group>"; };
		3FFD27B61C5076E3009798E6 /* Default.png */ = {isa = PBXFileReference; lastKnownFileType = image.png; path = Default.png; sourceTree = "<group>"; };
		3FFD27B71C5076E3009798E6 /* Default@2x.png */ = {isa = PBXFileReference; lastKnownFileType = image.png; path = "Default@2x.png"; sourceTree = "<group>"; };
		3FFD27B81C5076E3009798E6 /* Default@2x~ipad.png */ = {isa = PBXFileReference; lastKnownFileType = image.png; path = "Default@2x~ipad.png"; sourceTree = "<group>"; };
		3FFD27B91C5076E3009798E6 /* Default@3x.png */ = {isa = PBXFileReference; lastKnownFileType = image.png; path = "Default@3x.png"; sourceTree = "<group>"; };
		3FFD27BA1C5076E3009798E6 /* Default~ipad.png */ = {isa = PBXFileReference; lastKnownFileType = image.png; path = "Default~ipad.png"; sourceTree = "<group>"; };
		3FFD280D1C507DAF009798E6 /* GameTitle.swift */ = {isa = PBXFileReference; fileEncoding = 4; lastKnownFileType = sourcecode.swift; path = GameTitle.swift; sourceTree = "<group>"; };
		3FFD280F1C507E93009798E6 /* GameTitleShip.swift */ = {isa = PBXFileReference; fileEncoding = 4; lastKnownFileType = sourcecode.swift; path = GameTitleShip.swift; sourceTree = "<group>"; };
/* End PBXFileReference section */

/* Begin PBXFrameworksBuildPhase section */
		3F7083291C4F14130051927B /* Frameworks */ = {
			isa = PBXFrameworksBuildPhase;
			buildActionMask = 2147483647;
			files = (
			);
			runOnlyForDeploymentPostprocessing = 0;
		};
		3F7083411C4F14130051927B /* Frameworks */ = {
			isa = PBXFrameworksBuildPhase;
			buildActionMask = 2147483647;
			files = (
			);
			runOnlyForDeploymentPostprocessing = 0;
		};
		3F70834C1C4F14130051927B /* Frameworks */ = {
			isa = PBXFrameworksBuildPhase;
			buildActionMask = 2147483647;
			files = (
			);
			runOnlyForDeploymentPostprocessing = 0;
		};
/* End PBXFrameworksBuildPhase section */

/* Begin PBXGroup section */
		3F2040A11C5132640055B692 /* Player */ = {
			isa = PBXGroup;
			children = (
				3F2040A21C5132B30055B692 /* TouchCircle.swift */,
				3F2040A41C513A920055B692 /* Player.swift */,
			);
			name = Player;
			sourceTree = "<group>";
		};
		3F263E7D1C55A21000F54B49 /* Stars */ = {
			isa = PBXGroup;
			children = (
				3F263E7E1C55A2BB00F54B49 /* Star.swift */,
				3F263E801C55A4A900F54B49 /* StarController.swift */,
			);
			name = Stars;
			sourceTree = "<group>";
		};
		3F7083231C4F14130051927B = {
			isa = PBXGroup;
			children = (
				3F70832E1C4F14130051927B /* SpaceRunner */,
				3F7083471C4F14130051927B /* SpaceRunnerTests */,
				3F7083521C4F14130051927B /* SpaceRunnerUITests */,
				3F70832D1C4F14130051927B /* Products */,
			);
			sourceTree = "<group>";
		};
		3F70832D1C4F14130051927B /* Products */ = {
			isa = PBXGroup;
			children = (
				3F70832C1C4F14130051927B /* SpaceRunner.app */,
				3F7083441C4F14130051927B /* SpaceRunnerTests.xctest */,
				3F70834F1C4F14130051927B /* SpaceRunnerUITests.xctest */,
			);
			name = Products;
			sourceTree = "<group>";
		};
		3F70832E1C4F14130051927B /* SpaceRunner */ = {
			isa = PBXGroup;
			children = (
				3FFD27B41C5076E3009798E6 /* Launch */,
				3F7083681C4F1C000051927B /* GameResources */,
				3F7083611C4F1B5B0051927B /* Classes */,
				3F7083371C4F14130051927B /* Main.storyboard */,
				3F70833A1C4F14130051927B /* Assets.xcassets */,
				3F70833F1C4F14130051927B /* Info.plist */,
			);
			path = SpaceRunner;
			sourceTree = "<group>";
		};
		3F7083471C4F14130051927B /* SpaceRunnerTests */ = {
			isa = PBXGroup;
			children = (
				3F7083481C4F14130051927B /* SpaceRunnerTests.swift */,
				3F70834A1C4F14130051927B /* Info.plist */,
			);
			path = SpaceRunnerTests;
			sourceTree = "<group>";
		};
		3F7083521C4F14130051927B /* SpaceRunnerUITests */ = {
			isa = PBXGroup;
			children = (
				3F7083531C4F14130051927B /* SpaceRunnerUITests.swift */,
				3F7083551C4F14130051927B /* Info.plist */,
			);
			path = SpaceRunnerUITests;
			sourceTree = "<group>";
		};
		3F7083611C4F1B5B0051927B /* Classes */ = {
			isa = PBXGroup;
			children = (
				3FF0C4DF1C5C4C8C009CF93C /* Shaders */,
				3F263E7D1C55A21000F54B49 /* Stars */,
				3FF15A431C55325400D2E9FF /* StatusBar */,
				3FDF90AC1C53C5A9003EABA1 /* Meteors */,
				3F2040A11C5132640055B692 /* Player */,
				3FFD280C1C507CC4009798E6 /* Interface Nodes */,
				3FFD279C1C505FF9009798E6 /* Buttons */,
				3FFD27991C50528F009798E6 /* Background */,
				3FFD27901C5031A7009798E6 /* Singletons */,
				3F70839A1C4F210E0051927B /* Constants */,
				3F7083991C4F1CC60051927B /* Scenes */,
				3F7083981C4F1C620051927B /* ViewController */,
			);
			path = Classes;
			sourceTree = "<group>";
		};
		3F7083681C4F1C000051927B /* GameResources */ = {
			isa = PBXGroup;
			children = (
				3F7083691C4F1C000051927B /* Fonts */,
				3F70836B1C4F1C000051927B /* Library */,
				3F70837B1C4F1C000051927B /* Music */,
				3F70837D1C4F1C000051927B /* Sounds */,
			);
			path = GameResources;
			sourceTree = "<group>";
		};
		3F7083691C4F1C000051927B /* Fonts */ = {
			isa = PBXGroup;
			children = (
				3F70836A1C4F1C000051927B /* editundo.ttf */,
			);
			path = Fonts;
			sourceTree = "<group>";
		};
		3F70836B1C4F1C000051927B /* Library */ = {
			isa = PBXGroup;
			children = (
				3F70836E1C4F1C000051927B /* SKTUtils */,
			);
			path = Library;
			sourceTree = "<group>";
		};
		3F70836E1C4F1C000051927B /* SKTUtils */ = {
			isa = PBXGroup;
			children = (
				3F70836F1C4F1C000051927B /* CGFloat+Extensions.swift */,
				3F7083701C4F1C000051927B /* CGPoint+Extensions.swift */,
				3F7083711C4F1C000051927B /* CGVector+Extensions.swift */,
				3F7083721C4F1C000051927B /* Int+Extensions.swift */,
				3F7083731C4F1C000051927B /* SKAction+Extensions.swift */,
				3F7083741C4F1C000051927B /* SKAction+SpecialEffects.swift */,
				3F7083751C4F1C000051927B /* SKColor+Extensions.swift */,
				3F7083761C4F1C000051927B /* SKNode+Extensions.swift */,
				3F7083781C4F1C000051927B /* SKTEffects.swift */,
				3F7083791C4F1C000051927B /* SKTTimingFunctions.swift */,
				3F70837A1C4F1C000051927B /* Vector3.swift */,
			);
			path = SKTUtils;
			sourceTree = "<group>";
		};
		3F70837B1C4F1C000051927B /* Music */ = {
			isa = PBXGroup;
			children = (
				3F70837C1C4F1C000051927B /* GameMusic.mp3 */,
			);
			path = Music;
			sourceTree = "<group>";
		};
		3F70837D1C4F1C000051927B /* Sounds */ = {
			isa = PBXGroup;
			children = (
				3F70837E1C4F1C000051927B /* ButtonTap.caf */,
				3F70837F1C4F1C000051927B /* Explosion.caf */,
				3F7083801C4F1C000051927B /* Pickup.caf */,
				3F7083811C4F1C000051927B /* ShieldDown.caf */,
				3F7083821C4F1C000051927B /* ShieldUp.caf */,
			);
			path = Sounds;
			sourceTree = "<group>";
		};
		3F7083981C4F1C620051927B /* ViewController */ = {
			isa = PBXGroup;
			children = (
				3F7083621C4F1B5B0051927B /* AppDelegate.swift */,
				3F7083641C4F1B5B0051927B /* GameViewController.swift */,
			);
			name = ViewController;
			sourceTree = "<group>";
		};
		3F7083991C4F1CC60051927B /* Scenes */ = {
			isa = PBXGroup;
			children = (
				3F70839F1C4F2A800051927B /* MenuScene.swift */,
				3F7083631C4F1B5B0051927B /* GameScene.swift */,
				3F7083A11C4F2C4B0051927B /* GameOverScene.swift */,
			);
			name = Scenes;
			sourceTree = "<group>";
		};
		3F70839A1C4F210E0051927B /* Constants */ = {
			isa = PBXGroup;
			children = (
				3F70839B1C4F222F0051927B /* Constants.swift */,
				3FFD27951C50417B009798E6 /* Colors.swift */,
				3FFD27971C504662009798E6 /* Math.swift */,
			);
			name = Constants;
			sourceTree = "<group>";
		};
		3FDF90AC1C53C5A9003EABA1 /* Meteors */ = {
			isa = PBXGroup;
			children = (
				3FDF90AD1C53C5E9003EABA1 /* Meteor.swift */,
				3FDF90AF1C53D19C003EABA1 /* MeteorController.swift */,
			);
			name = Meteors;
			sourceTree = "<group>";
		};
		3FF0C4DF1C5C4C8C009CF93C /* Shaders */ = {
			isa = PBXGroup;
			children = (
				3FF0C4E21C5C4E5C009CF93C /* Grayscale.fsh */,
			);
			name = Shaders;
			sourceTree = "<group>";
		};
		3FF15A431C55325400D2E9FF /* StatusBar */ = {
			isa = PBXGroup;
			children = (
				3FF15A441C55325E00D2E9FF /* StatusBar.swift */,
			);
			name = StatusBar;
			sourceTree = "<group>";
		};
		3FFD27901C5031A7009798E6 /* Singletons */ = {
			isa = PBXGroup;
			children = (
				3FFD27911C503224009798E6 /* GameTextures.swift */,
				3FFD27931C503F01009798E6 /* GameParticles.swift */,
				3FF15A411C55233500D2E9FF /* GameFonts.swift */,
				3FF15A461C554C8300D2E9FF /* GameSettings.swift */,
				3FF920291C5808E3008942E2 /* GameAudio.swift */,
				3FF0C4E41C5C5285009CF93C /* GameShaders.swift */,
			);
			name = Singletons;
			sourceTree = "<group>";
		};
		3FFD27991C50528F009798E6 /* Background */ = {
			isa = PBXGroup;
			children = (
				3FFD279A1C505324009798E6 /* Background.swift */,
			);
			name = Background;
			sourceTree = "<group>";
		};
		3FFD279C1C505FF9009798E6 /* Buttons */ = {
			isa = PBXGroup;
			children = (
				3FFD279D1C50600C009798E6 /* PlayButton.swift */,
				3FFD279F1C5064A9009798E6 /* StartButton.swift */,
				3FFD27A11C506615009798E6 /* RetryButton.swift */,
				3F5EF6061C583D2300E469A5 /* PauseButton.swift */,
			);
			name = Buttons;
			sourceTree = "<group>";
		};
		3FFD27B41C5076E3009798E6 /* Launch */ = {
			isa = PBXGroup;
			children = (
				3FFD27B51C5076E3009798E6 /* Default-568h@2x.png */,
				3FFD27B61C5076E3009798E6 /* Default.png */,
				3FFD27B71C5076E3009798E6 /* Default@2x.png */,
				3FFD27B81C5076E3009798E6 /* Default@2x~ipad.png */,
				3FFD27B91C5076E3009798E6 /* Default@3x.png */,
				3FFD27BA1C5076E3009798E6 /* Default~ipad.png */,
			);
			path = Launch;
			sourceTree = "<group>";
		};
		3FFD280C1C507CC4009798E6 /* Interface Nodes */ = {
			isa = PBXGroup;
			children = (
				3FFD280D1C507DAF009798E6 /* GameTitle.swift */,
				3FFD280F1C507E93009798E6 /* GameTitleShip.swift */,
				3FF920251C56AAD2008942E2 /* GameOverTitle.swift */,
				3FF920271C56AB79008942E2 /* ScoreBoard.swift */,
			);
			name = "Interface Nodes";
			sourceTree = "<group>";
		};
/* End PBXGroup section */

/* Begin PBXNativeTarget section */
		3F70832B1C4F14130051927B /* SpaceRunner */ = {
			isa = PBXNativeTarget;
			buildConfigurationList = 3F7083581C4F14130051927B /* Build configuration list for PBXNativeTarget "SpaceRunner" */;
			buildPhases = (
				3F7083281C4F14130051927B /* Sources */,
				3F7083291C4F14130051927B /* Frameworks */,
				3F70832A1C4F14130051927B /* Resources */,
			);
			buildRules = (
			);
			dependencies = (
			);
			name = SpaceRunner;
			productName = SpaceRunner;
			productReference = 3F70832C1C4F14130051927B /* SpaceRunner.app */;
			productType = "com.apple.product-type.application";
		};
		3F7083431C4F14130051927B /* SpaceRunnerTests */ = {
			isa = PBXNativeTarget;
			buildConfigurationList = 3F70835B1C4F14130051927B /* Build configuration list for PBXNativeTarget "SpaceRunnerTests" */;
			buildPhases = (
				3F7083401C4F14130051927B /* Sources */,
				3F7083411C4F14130051927B /* Frameworks */,
				3F7083421C4F14130051927B /* Resources */,
			);
			buildRules = (
			);
			dependencies = (
				3F7083461C4F14130051927B /* PBXTargetDependency */,
			);
			name = SpaceRunnerTests;
			productName = SpaceRunnerTests;
			productReference = 3F7083441C4F14130051927B /* SpaceRunnerTests.xctest */;
			productType = "com.apple.product-type.bundle.unit-test";
		};
		3F70834E1C4F14130051927B /* SpaceRunnerUITests */ = {
			isa = PBXNativeTarget;
			buildConfigurationList = 3F70835E1C4F14130051927B /* Build configuration list for PBXNativeTarget "SpaceRunnerUITests" */;
			buildPhases = (
				3F70834B1C4F14130051927B /* Sources */,
				3F70834C1C4F14130051927B /* Frameworks */,
				3F70834D1C4F14130051927B /* Resources */,
			);
			buildRules = (
			);
			dependencies = (
				3F7083511C4F14130051927B /* PBXTargetDependency */,
			);
			name = SpaceRunnerUITests;
			productName = SpaceRunnerUITests;
			productReference = 3F70834F1C4F14130051927B /* SpaceRunnerUITests.xctest */;
			productType = "com.apple.product-type.bundle.ui-testing";
		};
/* End PBXNativeTarget section */

/* Begin PBXProject section */
		3F7083241C4F14130051927B /* Project object */ = {
			isa = PBXProject;
			attributes = {
				LastSwiftUpdateCheck = 0720;
				LastUpgradeCheck = 0720;
				ORGANIZATIONNAME = "Jeremy Novak";
				TargetAttributes = {
					3F70832B1C4F14130051927B = {
						CreatedOnToolsVersion = 7.2;
						DevelopmentTeam = DHP96MS93Z;
					};
					3F7083431C4F14130051927B = {
						CreatedOnToolsVersion = 7.2;
						DevelopmentTeam = DHP96MS93Z;
						TestTargetID = 3F70832B1C4F14130051927B;
					};
					3F70834E1C4F14130051927B = {
						CreatedOnToolsVersion = 7.2;
						DevelopmentTeam = DHP96MS93Z;
						TestTargetID = 3F70832B1C4F14130051927B;
					};
				};
			};
			buildConfigurationList = 3F7083271C4F14130051927B /* Build configuration list for PBXProject "SpaceRunner" */;
			compatibilityVersion = "Xcode 3.2";
			developmentRegion = English;
			hasScannedForEncodings = 0;
			knownRegions = (
				en,
				Base,
			);
			mainGroup = 3F7083231C4F14130051927B;
			productRefGroup = 3F70832D1C4F14130051927B /* Products */;
			projectDirPath = "";
			projectRoot = "";
			targets = (
				3F70832B1C4F14130051927B /* SpaceRunner */,
				3F7083431C4F14130051927B /* SpaceRunnerTests */,
				3F70834E1C4F14130051927B /* SpaceRunnerUITests */,
			);
		};
/* End PBXProject section */

/* Begin PBXResourcesBuildPhase section */
		3F70832A1C4F14130051927B /* Resources */ = {
			isa = PBXResourcesBuildPhase;
			buildActionMask = 2147483647;
			files = (
				3FFD27BD1C5076E3009798E6 /* Default@2x.png in Resources */,
				3FFD27C01C5076E3009798E6 /* Default~ipad.png in Resources */,
				3F7083831C4F1C000051927B /* editundo.ttf in Resources */,
				3F7083921C4F1C000051927B /* GameMusic.mp3 in Resources */,
				3F7083941C4F1C000051927B /* Explosion.caf in Resources */,
				3FFD27BB1C5076E3009798E6 /* Default-568h@2x.png in Resources */,
				3F7083971C4F1C000051927B /* ShieldUp.caf in Resources */,
				3FF0C4E31C5C4E5C009CF93C /* Grayscale.fsh in Resources */,
				3FFD27BE1C5076E3009798E6 /* Default@2x~ipad.png in Resources */,
				3F70833B1C4F14130051927B /* Assets.xcassets in Resources */,
				3F7083931C4F1C000051927B /* ButtonTap.caf in Resources */,
				3F7083951C4F1C000051927B /* Pickup.caf in Resources */,
				3F7083961C4F1C000051927B /* ShieldDown.caf in Resources */,
				3F7083391C4F14130051927B /* Main.storyboard in Resources */,
				3FFD27BC1C5076E3009798E6 /* Default.png in Resources */,
				3FFD27BF1C5076E3009798E6 /* Default@3x.png in Resources */,
			);
			runOnlyForDeploymentPostprocessing = 0;
		};
		3F7083421C4F14130051927B /* Resources */ = {
			isa = PBXResourcesBuildPhase;
			buildActionMask = 2147483647;
			files = (
			);
			runOnlyForDeploymentPostprocessing = 0;
		};
		3F70834D1C4F14130051927B /* Resources */ = {
			isa = PBXResourcesBuildPhase;
			buildActionMask = 2147483647;
			files = (
			);
			runOnlyForDeploymentPostprocessing = 0;
		};
/* End PBXResourcesBuildPhase section */

/* Begin PBXSourcesBuildPhase section */
		3F7083281C4F14130051927B /* Sources */ = {
			isa = PBXSourcesBuildPhase;
			buildActionMask = 2147483647;
			files = (
				3F70838C1C4F1C000051927B /* SKColor+Extensions.swift in Sources */,
				3FFD279E1C50600C009798E6 /* PlayButton.swift in Sources */,
				3FFD27A21C506615009798E6 /* RetryButton.swift in Sources */,
				3F263E7F1C55A2BB00F54B49 /* Star.swift in Sources */,
				3FFD27961C50417B009798E6 /* Colors.swift in Sources */,
				3F263E811C55A4A900F54B49 /* StarController.swift in Sources */,
				3F7083901C4F1C000051927B /* SKTTimingFunctions.swift in Sources */,
				3F70838A1C4F1C000051927B /* SKAction+Extensions.swift in Sources */,
				3FFD27941C503F01009798E6 /* GameParticles.swift in Sources */,
				3FFD27A01C5064A9009798E6 /* StartButton.swift in Sources */,
				3F7083661C4F1B5B0051927B /* GameScene.swift in Sources */,
				3F7083881C4F1C000051927B /* CGVector+Extensions.swift in Sources */,
				3FF15A471C554C8300D2E9FF /* GameSettings.swift in Sources */,
				3F7083A21C4F2C4B0051927B /* GameOverScene.swift in Sources */,
				3FF0C4E51C5C5285009CF93C /* GameShaders.swift in Sources */,
				3F2040A51C513A920055B692 /* Player.swift in Sources */,
				3F70839C1C4F222F0051927B /* Constants.swift in Sources */,
				3FFD27921C503224009798E6 /* GameTextures.swift in Sources */,
				3FF920261C56AAD2008942E2 /* GameOverTitle.swift in Sources */,
				3FF15A421C55233500D2E9FF /* GameFonts.swift in Sources */,
				3FF9202A1C5808E3008942E2 /* GameAudio.swift in Sources */,
				3F7083861C4F1C000051927B /* CGFloat+Extensions.swift in Sources */,
				3FFD279B1C505324009798E6 /* Background.swift in Sources */,
				3F70838D1C4F1C000051927B /* SKNode+Extensions.swift in Sources */,
				3F70838F1C4F1C000051927B /* SKTEffects.swift in Sources */,
				3F2040A31C5132B30055B692 /* TouchCircle.swift in Sources */,
				3F7083671C4F1B5B0051927B /* GameViewController.swift in Sources */,
				3FF15A451C55325E00D2E9FF /* StatusBar.swift in Sources */,
				3FFD28101C507E93009798E6 /* GameTitleShip.swift in Sources */,
				3FDF90AE1C53C5E9003EABA1 /* Meteor.swift in Sources */,
				3FDF90B01C53D19C003EABA1 /* MeteorController.swift in Sources */,
				3F7083891C4F1C000051927B /* Int+Extensions.swift in Sources */,
				3F7083871C4F1C000051927B /* CGPoint+Extensions.swift in Sources */,
				3FF920281C56AB79008942E2 /* ScoreBoard.swift in Sources */,
				3FFD280E1C507DAF009798E6 /* GameTitle.swift in Sources */,
				3F70838B1C4F1C000051927B /* SKAction+SpecialEffects.swift in Sources */,
				3FFD27981C504662009798E6 /* Math.swift in Sources */,
				3F7083A01C4F2A800051927B /* MenuScene.swift in Sources */,
				3F7083911C4F1C000051927B /* Vector3.swift in Sources */,
				3F5EF6071C583D2300E469A5 /* PauseButton.swift in Sources */,
				3F7083651C4F1B5B0051927B /* AppDelegate.swift in Sources */,
			);
			runOnlyForDeploymentPostprocessing = 0;
		};
		3F7083401C4F14130051927B /* Sources */ = {
			isa = PBXSourcesBuildPhase;
			buildActionMask = 2147483647;
			files = (
				3F7083491C4F14130051927B /* SpaceRunnerTests.swift in Sources */,
			);
			runOnlyForDeploymentPostprocessing = 0;
		};
		3F70834B1C4F14130051927B /* Sources */ = {
			isa = PBXSourcesBuildPhase;
			buildActionMask = 2147483647;
			files = (
				3F7083541C4F14130051927B /* SpaceRunnerUITests.swift in Sources */,
			);
			runOnlyForDeploymentPostprocessing = 0;
		};
/* End PBXSourcesBuildPhase section */

/* Begin PBXTargetDependency section */
		3F7083461C4F14130051927B /* PBXTargetDependency */ = {
			isa = PBXTargetDependency;
			target = 3F70832B1C4F14130051927B /* SpaceRunner */;
			targetProxy = 3F7083451C4F14130051927B /* PBXContainerItemProxy */;
		};
		3F7083511C4F14130051927B /* PBXTargetDependency */ = {
			isa = PBXTargetDependency;
			target = 3F70832B1C4F14130051927B /* SpaceRunner */;
			targetProxy = 3F7083501C4F14130051927B /* PBXContainerItemProxy */;
		};
/* End PBXTargetDependency section */

/* Begin PBXVariantGroup section */
		3F7083371C4F14130051927B /* Main.storyboard */ = {
			isa = PBXVariantGroup;
			children = (
				3F7083381C4F14130051927B /* Base */,
			);
			name = Main.storyboard;
			sourceTree = "<group>";
		};
/* End PBXVariantGroup section */

/* Begin XCBuildConfiguration section */
		3F7083561C4F14130051927B /* Debug */ = {
			isa = XCBuildConfiguration;
			buildSettings = {
				ALWAYS_SEARCH_USER_PATHS = NO;
				CLANG_CXX_LANGUAGE_STANDARD = "gnu++0x";
				CLANG_CXX_LIBRARY = "libc++";
				CLANG_ENABLE_MODULES = YES;
				CLANG_ENABLE_OBJC_ARC = YES;
				CLANG_WARN_BOOL_CONVERSION = YES;
				CLANG_WARN_CONSTANT_CONVERSION = YES;
				CLANG_WARN_DIRECT_OBJC_ISA_USAGE = YES_ERROR;
				CLANG_WARN_EMPTY_BODY = YES;
				CLANG_WARN_ENUM_CONVERSION = YES;
				CLANG_WARN_INT_CONVERSION = YES;
				CLANG_WARN_OBJC_ROOT_CLASS = YES_ERROR;
				CLANG_WARN_UNREACHABLE_CODE = YES;
				CLANG_WARN__DUPLICATE_METHOD_MATCH = YES;
				"CODE_SIGN_IDENTITY[sdk=iphoneos*]" = "iPhone Developer";
				COPY_PHASE_STRIP = NO;
				DEBUG_INFORMATION_FORMAT = "dwarf-with-dsym";
				ENABLE_STRICT_OBJC_MSGSEND = YES;
				ENABLE_TESTABILITY = YES;
				GCC_C_LANGUAGE_STANDARD = gnu99;
				GCC_DYNAMIC_NO_PIC = NO;
				GCC_NO_COMMON_BLOCKS = YES;
				GCC_OPTIMIZATION_LEVEL = 0;
				GCC_PREPROCESSOR_DEFINITIONS = (
					"DEBUG=1",
					"$(inherited)",
				);
				GCC_WARN_64_TO_32_BIT_CONVERSION = YES;
				GCC_WARN_ABOUT_RETURN_TYPE = YES_ERROR;
				GCC_WARN_UNDECLARED_SELECTOR = YES;
				GCC_WARN_UNINITIALIZED_AUTOS = YES_AGGRESSIVE;
				GCC_WARN_UNUSED_FUNCTION = YES;
				GCC_WARN_UNUSED_VARIABLE = YES;
				IPHONEOS_DEPLOYMENT_TARGET = 9.2;
				MTL_ENABLE_DEBUG_INFO = YES;
				ONLY_ACTIVE_ARCH = YES;
				SDKROOT = iphoneos;
				SWIFT_OPTIMIZATION_LEVEL = "-Onone";
				TARGETED_DEVICE_FAMILY = "1,2";
			};
			name = Debug;
		};
		3F7083571C4F14130051927B /* Release */ = {
			isa = XCBuildConfiguration;
			buildSettings = {
				ALWAYS_SEARCH_USER_PATHS = NO;
				CLANG_CXX_LANGUAGE_STANDARD = "gnu++0x";
				CLANG_CXX_LIBRARY = "libc++";
				CLANG_ENABLE_MODULES = YES;
				CLANG_ENABLE_OBJC_ARC = YES;
				CLANG_WARN_BOOL_CONVERSION = YES;
				CLANG_WARN_CONSTANT_CONVERSION = YES;
				CLANG_WARN_DIRECT_OBJC_ISA_USAGE = YES_ERROR;
				CLANG_WARN_EMPTY_BODY = YES;
				CLANG_WARN_ENUM_CONVERSION = YES;
				CLANG_WARN_INT_CONVERSION = YES;
				CLANG_WARN_OBJC_ROOT_CLASS = YES_ERROR;
				CLANG_WARN_UNREACHABLE_CODE = YES;
				CLANG_WARN__DUPLICATE_METHOD_MATCH = YES;
				"CODE_SIGN_IDENTITY[sdk=iphoneos*]" = "iPhone Developer";
				COPY_PHASE_STRIP = NO;
				DEBUG_INFORMATION_FORMAT = "dwarf-with-dsym";
				ENABLE_NS_ASSERTIONS = NO;
				ENABLE_STRICT_OBJC_MSGSEND = YES;
				GCC_C_LANGUAGE_STANDARD = gnu99;
				GCC_NO_COMMON_BLOCKS = YES;
				GCC_WARN_64_TO_32_BIT_CONVERSION = YES;
				GCC_WARN_ABOUT_RETURN_TYPE = YES_ERROR;
				GCC_WARN_UNDECLARED_SELECTOR = YES;
				GCC_WARN_UNINITIALIZED_AUTOS = YES_AGGRESSIVE;
				GCC_WARN_UNUSED_FUNCTION = YES;
				GCC_WARN_UNUSED_VARIABLE = YES;
				IPHONEOS_DEPLOYMENT_TARGET = 9.2;
				MTL_ENABLE_DEBUG_INFO = NO;
				SDKROOT = iphoneos;
				TARGETED_DEVICE_FAMILY = "1,2";
				VALIDATE_PRODUCT = YES;
			};
			name = Release;
		};
		3F7083591C4F14130051927B /* Debug */ = {
			isa = XCBuildConfiguration;
			buildSettings = {
				ASSETCATALOG_COMPILER_APPICON_NAME = AppIcon;
				INFOPLIST_FILE = SpaceRunner/Info.plist;
				LD_RUNPATH_SEARCH_PATHS = "$(inherited) @executable_path/Frameworks";
				PRODUCT_BUNDLE_IDENTIFIER = com.jnovak.SpaceRunner;
				PRODUCT_NAME = "$(TARGET_NAME)";
			};
			name = Debug;
		};
		3F70835A1C4F14130051927B /* Release */ = {
			isa = XCBuildConfiguration;
			buildSettings = {
				ASSETCATALOG_COMPILER_APPICON_NAME = AppIcon;
				INFOPLIST_FILE = SpaceRunner/Info.plist;
				LD_RUNPATH_SEARCH_PATHS = "$(inherited) @executable_path/Frameworks";
				PRODUCT_BUNDLE_IDENTIFIER = com.jnovak.SpaceRunner;
				PRODUCT_NAME = "$(TARGET_NAME)";
			};
			name = Release;
		};
		3F70835C1C4F14130051927B /* Debug */ = {
			isa = XCBuildConfiguration;
			buildSettings = {
				BUNDLE_LOADER = "$(TEST_HOST)";
				DEBUG_INFORMATION_FORMAT = dwarf;
				INFOPLIST_FILE = SpaceRunnerTests/Info.plist;
				LD_RUNPATH_SEARCH_PATHS = "$(inherited) @executable_path/Frameworks @loader_path/Frameworks";
				PRODUCT_BUNDLE_IDENTIFIER = com.jnovak.SpaceRunnerTests;
				PRODUCT_NAME = "$(TARGET_NAME)";
				TEST_HOST = "$(BUILT_PRODUCTS_DIR)/SpaceRunner.app/SpaceRunner";
			};
			name = Debug;
		};
		3F70835D1C4F14130051927B /* Release */ = {
			isa = XCBuildConfiguration;
			buildSettings = {
				BUNDLE_LOADER = "$(TEST_HOST)";
				INFOPLIST_FILE = SpaceRunnerTests/Info.plist;
				LD_RUNPATH_SEARCH_PATHS = "$(inherited) @executable_path/Frameworks @loader_path/Frameworks";
				PRODUCT_BUNDLE_IDENTIFIER = com.jnovak.SpaceRunnerTests;
				PRODUCT_NAME = "$(TARGET_NAME)";
				TEST_HOST = "$(BUILT_PRODUCTS_DIR)/SpaceRunner.app/SpaceRunner";
			};
			name = Release;
		};
		3F70835F1C4F14130051927B /* Debug */ = {
			isa = XCBuildConfiguration;
			buildSettings = {
				DEBUG_INFORMATION_FORMAT = dwarf;
				INFOPLIST_FILE = SpaceRunnerUITests/Info.plist;
				LD_RUNPATH_SEARCH_PATHS = "$(inherited) @executable_path/Frameworks @loader_path/Frameworks";
				PRODUCT_BUNDLE_IDENTIFIER = com.jnovak.SpaceRunnerUITests;
				PRODUCT_NAME = "$(TARGET_NAME)";
				TEST_TARGET_NAME = SpaceRunner;
				USES_XCTRUNNER = YES;
			};
			name = Debug;
		};
		3F7083601C4F14130051927B /* Release */ = {
			isa = XCBuildConfiguration;
			buildSettings = {
				INFOPLIST_FILE = SpaceRunnerUITests/Info.plist;
				LD_RUNPATH_SEARCH_PATHS = "$(inherited) @executable_path/Frameworks @loader_path/Frameworks";
				PRODUCT_BUNDLE_IDENTIFIER = com.jnovak.SpaceRunnerUITests;
				PRODUCT_NAME = "$(TARGET_NAME)";
				TEST_TARGET_NAME = SpaceRunner;
				USES_XCTRUNNER = YES;
			};
			name = Release;
		};
/* End XCBuildConfiguration section */

/* Begin XCConfigurationList section */
		3F7083271C4F14130051927B /* Build configuration list for PBXProject "SpaceRunner" */ = {
			isa = XCConfigurationList;
			buildConfigurations = (
				3F7083561C4F14130051927B /* Debug */,
				3F7083571C4F14130051927B /* Release */,
			);
			defaultConfigurationIsVisible = 0;
			defaultConfigurationName = Release;
		};
		3F7083581C4F14130051927B /* Build configuration list for PBXNativeTarget "SpaceRunner" */ = {
			isa = XCConfigurationList;
			buildConfigurations = (
				3F7083591C4F14130051927B /* Debug */,
				3F70835A1C4F14130051927B /* Release */,
			);
			defaultConfigurationIsVisible = 0;
			defaultConfigurationName = Release;
		};
		3F70835B1C4F14130051927B /* Build configuration list for PBXNativeTarget "SpaceRunnerTests" */ = {
			isa = XCConfigurationList;
			buildConfigurations = (
				3F70835C1C4F14130051927B /* Debug */,
				3F70835D1C4F14130051927B /* Release */,
			);
			defaultConfigurationIsVisible = 0;
			defaultConfigurationName = Release;
		};
		3F70835E1C4F14130051927B /* Build configuration list for PBXNativeTarget "SpaceRunnerUITests" */ = {
			isa = XCConfigurationList;
			buildConfigurations = (
				3F70835F1C4F14130051927B /* Debug */,
				3F7083601C4F14130051927B /* Release */,
			);
			defaultConfigurationIsVisible = 0;
			defaultConfigurationName = Release;
		};
/* End XCConfigurationList section */
	};
	rootObject = 3F7083241C4F14130051927B /* Project object */;
}
