// !$*UTF8*$!
{
	archiveVersion = 1;
	classes = {
	};
	objectVersion = 46;
	objects = {

/* Begin PBXBuildFile section */
		3F7083301C4F14130051927B /* AppDelegate.swift in Sources */ = {isa = PBXBuildFile; fileRef = 3F70832F1C4F14130051927B /* AppDelegate.swift */; };
		3F7083321C4F14130051927B /* GameScene.sks in Resources */ = {isa = PBXBuildFile; fileRef = 3F7083311C4F14130051927B /* GameScene.sks */; };
		3F7083341C4F14130051927B /* GameScene.swift in Sources */ = {isa = PBXBuildFile; fileRef = 3F7083331C4F14130051927B /* GameScene.swift */; };
		3F7083361C4F14130051927B /* GameViewController.swift in Sources */ = {isa = PBXBuildFile; fileRef = 3F7083351C4F14130051927B /* GameViewController.swift */; };
		3F7083391C4F14130051927B /* Main.storyboard in Resources */ = {isa = PBXBuildFile; fileRef = 3F7083371C4F14130051927B /* Main.storyboard */; };
		3F70833B1C4F14130051927B /* Assets.xcassets in Resources */ = {isa = PBXBuildFile; fileRef = 3F70833A1C4F14130051927B /* Assets.xcassets */; };
		3F70833E1C4F14130051927B /* LaunchScreen.storyboard in Resources */ = {isa = PBXBuildFile; fileRef = 3F70833C1C4F14130051927B /* LaunchScreen.storyboard */; };
		3F7083491C4F14130051927B /* SpaceRunnerTests.swift in Sources */ = {isa = PBXBuildFile; fileRef = 3F7083481C4F14130051927B /* SpaceRunnerTests.swift */; };
		3F7083541C4F14130051927B /* SpaceRunnerUITests.swift in Sources */ = {isa = PBXBuildFile; fileRef = 3F7083531C4F14130051927B /* SpaceRunnerUITests.swift */; };
/* End PBXBuildFile section */

/* Begin PBXContainerItemProxy section */
		3F7083451C4F14130051927B /* PBXContainerItemProxy */ = {
			isa = PBXContainerItemProxy;
			containerPortal = 3F7083241C4F14130051927B /* Project object */;
			proxyType = 1;
			remoteGlobalIDString = 3F70832B1C4F14130051927B;
			remoteInfo = SpaceRunner;
		};
		3F7083501C4F14130051927B /* PBXContainerItemProxy */ = {
			isa = PBXContainerItemProxy;
			containerPortal = 3F7083241C4F14130051927B /* Project object */;
			proxyType = 1;
			remoteGlobalIDString = 3F70832B1C4F14130051927B;
			remoteInfo = SpaceRunner;
		};
/* End PBXContainerItemProxy section */

/* Begin PBXFileReference section */
		3F70832C1C4F14130051927B /* SpaceRunner.app */ = {isa = PBXFileReference; explicitFileType = wrapper.application; includeInIndex = 0; path = SpaceRunner.app; sourceTree = BUILT_PRODUCTS_DIR; };
		3F70832F1C4F14130051927B /* AppDelegate.swift */ = {isa = PBXFileReference; lastKnownFileType = sourcecode.swift; path = AppDelegate.swift; sourceTree = "<group>"; };
		3F7083311C4F14130051927B /* GameScene.sks */ = {isa = PBXFileReference; lastKnownFileType = file.sks; path = GameScene.sks; sourceTree = "<group>"; };
		3F7083331C4F14130051927B /* GameScene.swift */ = {isa = PBXFileReference; lastKnownFileType = sourcecode.swift; path = GameScene.swift; sourceTree = "<group>"; };
		3F7083351C4F14130051927B /* GameViewController.swift */ = {isa = PBXFileReference; lastKnownFileType = sourcecode.swift; path = GameViewController.swift; sourceTree = "<group>"; };
		3F7083381C4F14130051927B /* Base */ = {isa = PBXFileReference; lastKnownFileType = file.storyboard; name = Base; path = Base.lproj/Main.storyboard; sourceTree = "<group>"; };
		3F70833A1C4F14130051927B /* Assets.xcassets */ = {isa = PBXFileReference; lastKnownFileType = folder.assetcatalog; path = Assets.xcassets; sourceTree = "<group>"; };
		3F70833D1C4F14130051927B /* Base */ = {isa = PBXFileReference; lastKnownFileType = file.storyboard; name = Base; path = Base.lproj/LaunchScreen.storyboard; sourceTree = "<group>"; };
		3F70833F1C4F14130051927B /* Info.plist */ = {isa = PBXFileReference; lastKnownFileType = text.plist.xml; path = Info.plist; sourceTree = "<group>"; };
		3F7083441C4F14130051927B /* SpaceRunnerTests.xctest */ = {isa = PBXFileReference; explicitFileType = wrapper.cfbundle; includeInIndex = 0; path = SpaceRunnerTests.xctest; sourceTree = BUILT_PRODUCTS_DIR; };
		3F7083481C4F14130051927B /* SpaceRunnerTests.swift */ = {isa = PBXFileReference; lastKnownFileType = sourcecode.swift; path = SpaceRunnerTests.swift; sourceTree = "<group>"; };
		3F70834A1C4F14130051927B /* Info.plist */ = {isa = PBXFileReference; lastKnownFileType = text.plist.xml; path = Info.plist; sourceTree = "<group>"; };
		3F70834F1C4F14130051927B /* SpaceRunnerUITests.xctest */ = {isa = PBXFileReference; explicitFileType = wrapper.cfbundle; includeInIndex = 0; path = SpaceRunnerUITests.xctest; sourceTree = BUILT_PRODUCTS_DIR; };
		3F7083531C4F14130051927B /* SpaceRunnerUITests.swift */ = {isa = PBXFileReference; lastKnownFileType = sourcecode.swift; path = SpaceRunnerUITests.swift; sourceTree = "<group>"; };
		3F7083551C4F14130051927B /* Info.plist */ = {isa = PBXFileReference; lastKnownFileType = text.plist.xml; path = Info.plist; sourceTree = "<group>"; };
/* End PBXFileReference section */

/* Begin PBXFrameworksBuildPhase section */
		3F7083291C4F14130051927B /* Frameworks */ = {
			isa = PBXFrameworksBuildPhase;
			buildActionMask = 2147483647;
			files = (
			);
			runOnlyForDeploymentPostprocessing = 0;
		};
		3F7083411C4F14130051927B /* Frameworks */ = {
			isa = PBXFrameworksBuildPhase;
			buildActionMask = 2147483647;
			files = (
			);
			runOnlyForDeploymentPostprocessing = 0;
		};
		3F70834C1C4F14130051927B /* Frameworks */ = {
			isa = PBXFrameworksBuildPhase;
			buildActionMask = 2147483647;
			files = (
			);
			runOnlyForDeploymentPostprocessing = 0;
		};
/* End PBXFrameworksBuildPhase section */

/* Begin PBXGroup section */
		3F7083231C4F14130051927B = {
			isa = PBXGroup;
			children = (
				3F70832E1C4F14130051927B /* SpaceRunner */,
				3F7083471C4F14130051927B /* SpaceRunnerTests */,
				3F7083521C4F14130051927B /* SpaceRunnerUITests */,
				3F70832D1C4F14130051927B /* Products */,
			);
			sourceTree = "<group>";
		};
		3F70832D1C4F14130051927B /* Products */ = {
			isa = PBXGroup;
			children = (
				3F70832C1C4F14130051927B /* SpaceRunner.app */,
				3F7083441C4F14130051927B /* SpaceRunnerTests.xctest */,
				3F70834F1C4F14130051927B /* SpaceRunnerUITests.xctest */,
			);
			name = Products;
			sourceTree = "<group>";
		};
		3F70832E1C4F14130051927B /* SpaceRunner */ = {
			isa = PBXGroup;
			children = (
				3F70832F1C4F14130051927B /* AppDelegate.swift */,
				3F7083311C4F14130051927B /* GameScene.sks */,
				3F7083331C4F14130051927B /* GameScene.swift */,
				3F7083351C4F14130051927B /* GameViewController.swift */,
				3F7083371C4F14130051927B /* Main.storyboard */,
				3F70833A1C4F14130051927B /* Assets.xcassets */,
				3F70833C1C4F14130051927B /* LaunchScreen.storyboard */,
				3F70833F1C4F14130051927B /* Info.plist */,
			);
			path = SpaceRunner;
			sourceTree = "<group>";
		};
		3F7083471C4F14130051927B /* SpaceRunnerTests */ = {
			isa = PBXGroup;
			children = (
				3F7083481C4F14130051927B /* SpaceRunnerTests.swift */,
				3F70834A1C4F14130051927B /* Info.plist */,
			);
			path = SpaceRunnerTests;
			sourceTree = "<group>";
		};
		3F7083521C4F14130051927B /* SpaceRunnerUITests */ = {
			isa = PBXGroup;
			children = (
				3F7083531C4F14130051927B /* SpaceRunnerUITests.swift */,
				3F7083551C4F14130051927B /* Info.plist */,
			);
			path = SpaceRunnerUITests;
			sourceTree = "<group>";
		};
/* End PBXGroup section */

/* Begin PBXNativeTarget section */
		3F70832B1C4F14130051927B /* SpaceRunner */ = {
			isa = PBXNativeTarget;
			buildConfigurationList = 3F7083581C4F14130051927B /* Build configuration list for PBXNativeTarget "SpaceRunner" */;
			buildPhases = (
				3F7083281C4F14130051927B /* Sources */,
				3F7083291C4F14130051927B /* Frameworks */,
				3F70832A1C4F14130051927B /* Resources */,
			);
			buildRules = (
			);
			dependencies = (
			);
			name = SpaceRunner;
			productName = SpaceRunner;
			productReference = 3F70832C1C4F14130051927B /* SpaceRunner.app */;
			productType = "com.apple.product-type.application";
		};
		3F7083431C4F14130051927B /* SpaceRunnerTests */ = {
			isa = PBXNativeTarget;
			buildConfigurationList = 3F70835B1C4F14130051927B /* Build configuration list for PBXNativeTarget "SpaceRunnerTests" */;
			buildPhases = (
				3F7083401C4F14130051927B /* Sources */,
				3F7083411C4F14130051927B /* Frameworks */,
				3F7083421C4F14130051927B /* Resources */,
			);
			buildRules = (
			);
			dependencies = (
				3F7083461C4F14130051927B /* PBXTargetDependency */,
			);
			name = SpaceRunnerTests;
			productName = SpaceRunnerTests;
			productReference = 3F7083441C4F14130051927B /* SpaceRunnerTests.xctest */;
			productType = "com.apple.product-type.bundle.unit-test";
		};
		3F70834E1C4F14130051927B /* SpaceRunnerUITests */ = {
			isa = PBXNativeTarget;
			buildConfigurationList = 3F70835E1C4F14130051927B /* Build configuration list for PBXNativeTarget "SpaceRunnerUITests" */;
			buildPhases = (
				3F70834B1C4F14130051927B /* Sources */,
				3F70834C1C4F14130051927B /* Frameworks */,
				3F70834D1C4F14130051927B /* Resources */,
			);
			buildRules = (
			);
			dependencies = (
				3F7083511C4F14130051927B /* PBXTargetDependency */,
			);
			name = SpaceRunnerUITests;
			productName = SpaceRunnerUITests;
			productReference = 3F70834F1C4F14130051927B /* SpaceRunnerUITests.xctest */;
			productType = "com.apple.product-type.bundle.ui-testing";
		};
/* End PBXNativeTarget section */

/* Begin PBXProject section */
		3F7083241C4F14130051927B /* Project object */ = {
			isa = PBXProject;
			attributes = {
				LastSwiftUpdateCheck = 0720;
				LastUpgradeCheck = 0720;
				ORGANIZATIONNAME = "Jeremy Novak";
				TargetAttributes = {
					3F70832B1C4F14130051927B = {
						CreatedOnToolsVersion = 7.2;
						DevelopmentTeam = DHP96MS93Z;
					};
					3F7083431C4F14130051927B = {
						CreatedOnToolsVersion = 7.2;
						DevelopmentTeam = DHP96MS93Z;
						TestTargetID = 3F70832B1C4F14130051927B;
					};
					3F70834E1C4F14130051927B = {
						CreatedOnToolsVersion = 7.2;
						DevelopmentTeam = DHP96MS93Z;
						TestTargetID = 3F70832B1C4F14130051927B;
					};
				};
			};
			buildConfigurationList = 3F7083271C4F14130051927B /* Build configuration list for PBXProject "SpaceRunner" */;
			compatibilityVersion = "Xcode 3.2";
			developmentRegion = English;
			hasScannedForEncodings = 0;
			knownRegions = (
				en,
				Base,
			);
			mainGroup = 3F7083231C4F14130051927B;
			productRefGroup = 3F70832D1C4F14130051927B /* Products */;
			projectDirPath = "";
			projectRoot = "";
			targets = (
				3F70832B1C4F14130051927B /* SpaceRunner */,
				3F7083431C4F14130051927B /* SpaceRunnerTests */,
				3F70834E1C4F14130051927B /* SpaceRunnerUITests */,
			);
		};
/* End PBXProject section */

/* Begin PBXResourcesBuildPhase section */
		3F70832A1C4F14130051927B /* Resources */ = {
			isa = PBXResourcesBuildPhase;
			buildActionMask = 2147483647;
			files = (
				3F7083321C4F14130051927B /* GameScene.sks in Resources */,
				3F70833E1C4F14130051927B /* LaunchScreen.storyboard in Resources */,
				3F70833B1C4F14130051927B /* Assets.xcassets in Resources */,
				3F7083391C4F14130051927B /* Main.storyboard in Resources */,
			);
			runOnlyForDeploymentPostprocessing = 0;
		};
		3F7083421C4F14130051927B /* Resources */ = {
			isa = PBXResourcesBuildPhase;
			buildActionMask = 2147483647;
			files = (
			);
			runOnlyForDeploymentPostprocessing = 0;
		};
		3F70834D1C4F14130051927B /* Resources */ = {
			isa = PBXResourcesBuildPhase;
			buildActionMask = 2147483647;
			files = (
			);
			runOnlyForDeploymentPostprocessing = 0;
		};
/* End PBXResourcesBuildPhase section */

/* Begin PBXSourcesBuildPhase section */
		3F7083281C4F14130051927B /* Sources */ = {
			isa = PBXSourcesBuildPhase;
			buildActionMask = 2147483647;
			files = (
				3F7083341C4F14130051927B /* GameScene.swift in Sources */,
				3F7083361C4F14130051927B /* GameViewController.swift in Sources */,
				3F7083301C4F14130051927B /* AppDelegate.swift in Sources */,
			);
			runOnlyForDeploymentPostprocessing = 0;
		};
		3F7083401C4F14130051927B /* Sources */ = {
			isa = PBXSourcesBuildPhase;
			buildActionMask = 2147483647;
			files = (
				3F7083491C4F14130051927B /* SpaceRunnerTests.swift in Sources */,
			);
			runOnlyForDeploymentPostprocessing = 0;
		};
		3F70834B1C4F14130051927B /* Sources */ = {
			isa = PBXSourcesBuildPhase;
			buildActionMask = 2147483647;
			files = (
				3F7083541C4F14130051927B /* SpaceRunnerUITests.swift in Sources */,
			);
			runOnlyForDeploymentPostprocessing = 0;
		};
/* End PBXSourcesBuildPhase section */

/* Begin PBXTargetDependency section */
		3F7083461C4F14130051927B /* PBXTargetDependency */ = {
			isa = PBXTargetDependency;
			target = 3F70832B1C4F14130051927B /* SpaceRunner */;
			targetProxy = 3F7083451C4F14130051927B /* PBXContainerItemProxy */;
		};
		3F7083511C4F14130051927B /* PBXTargetDependency */ = {
			isa = PBXTargetDependency;
			target = 3F70832B1C4F14130051927B /* SpaceRunner */;
			targetProxy = 3F7083501C4F14130051927B /* PBXContainerItemProxy */;
		};
/* End PBXTargetDependency section */

/* Begin PBXVariantGroup section */
		3F7083371C4F14130051927B /* Main.storyboard */ = {
			isa = PBXVariantGroup;
			children = (
				3F7083381C4F14130051927B /* Base */,
			);
			name = Main.storyboard;
			sourceTree = "<group>";
		};
		3F70833C1C4F14130051927B /* LaunchScreen.storyboard */ = {
			isa = PBXVariantGroup;
			children = (
				3F70833D1C4F14130051927B /* Base */,
			);
			name = LaunchScreen.storyboard;
			sourceTree = "<group>";
		};
/* End PBXVariantGroup section */

/* Begin XCBuildConfiguration section */
		3F7083561C4F14130051927B /* Debug */ = {
			isa = XCBuildConfiguration;
			buildSettings = {
				ALWAYS_SEARCH_USER_PATHS = NO;
				CLANG_CXX_LANGUAGE_STANDARD = "gnu++0x";
				CLANG_CXX_LIBRARY = "libc++";
				CLANG_ENABLE_MODULES = YES;
				CLANG_ENABLE_OBJC_ARC = YES;
				CLANG_WARN_BOOL_CONVERSION = YES;
				CLANG_WARN_CONSTANT_CONVERSION = YES;
				CLANG_WARN_DIRECT_OBJC_ISA_USAGE = YES_ERROR;
				CLANG_WARN_EMPTY_BODY = YES;
				CLANG_WARN_ENUM_CONVERSION = YES;
				CLANG_WARN_INT_CONVERSION = YES;
				CLANG_WARN_OBJC_ROOT_CLASS = YES_ERROR;
				CLANG_WARN_UNREACHABLE_CODE = YES;
				CLANG_WARN__DUPLICATE_METHOD_MATCH = YES;
				"CODE_SIGN_IDENTITY[sdk=iphoneos*]" = "iPhone Developer";
				COPY_PHASE_STRIP = NO;
				DEBUG_INFORMATION_FORMAT = "dwarf-with-dsym";
				ENABLE_STRICT_OBJC_MSGSEND = YES;
				ENABLE_TESTABILITY = YES;
				GCC_C_LANGUAGE_STANDARD = gnu99;
				GCC_DYNAMIC_NO_PIC = NO;
				GCC_NO_COMMON_BLOCKS = YES;
				GCC_OPTIMIZATION_LEVEL = 0;
				GCC_PREPROCESSOR_DEFINITIONS = (
					"DEBUG=1",
					"$(inherited)",
				);
				GCC_WARN_64_TO_32_BIT_CONVERSION = YES;
				GCC_WARN_ABOUT_RETURN_TYPE = YES_ERROR;
				GCC_WARN_UNDECLARED_SELECTOR = YES;
				GCC_WARN_UNINITIALIZED_AUTOS = YES_AGGRESSIVE;
				GCC_WARN_UNUSED_FUNCTION = YES;
				GCC_WARN_UNUSED_VARIABLE = YES;
				IPHONEOS_DEPLOYMENT_TARGET = 9.2;
				MTL_ENABLE_DEBUG_INFO = YES;
				ONLY_ACTIVE_ARCH = YES;
				SDKROOT = iphoneos;
				SWIFT_OPTIMIZATION_LEVEL = "-Onone";
				TARGETED_DEVICE_FAMILY = "1,2";
			};
			name = Debug;
		};
		3F7083571C4F14130051927B /* Release */ = {
			isa = XCBuildConfiguration;
			buildSettings = {
				ALWAYS_SEARCH_USER_PATHS = NO;
				CLANG_CXX_LANGUAGE_STANDARD = "gnu++0x";
				CLANG_CXX_LIBRARY = "libc++";
				CLANG_ENABLE_MODULES = YES;
				CLANG_ENABLE_OBJC_ARC = YES;
				CLANG_WARN_BOOL_CONVERSION = YES;
				CLANG_WARN_CONSTANT_CONVERSION = YES;
				CLANG_WARN_DIRECT_OBJC_ISA_USAGE = YES_ERROR;
				CLANG_WARN_EMPTY_BODY = YES;
				CLANG_WARN_ENUM_CONVERSION = YES;
				CLANG_WARN_INT_CONVERSION = YES;
				CLANG_WARN_OBJC_ROOT_CLASS = YES_ERROR;
				CLANG_WARN_UNREACHABLE_CODE = YES;
				CLANG_WARN__DUPLICATE_METHOD_MATCH = YES;
				"CODE_SIGN_IDENTITY[sdk=iphoneos*]" = "iPhone Developer";
				COPY_PHASE_STRIP = NO;
				DEBUG_INFORMATION_FORMAT = "dwarf-with-dsym";
				ENABLE_NS_ASSERTIONS = NO;
				ENABLE_STRICT_OBJC_MSGSEND = YES;
				GCC_C_LANGUAGE_STANDARD = gnu99;
				GCC_NO_COMMON_BLOCKS = YES;
				GCC_WARN_64_TO_32_BIT_CONVERSION = YES;
				GCC_WARN_ABOUT_RETURN_TYPE = YES_ERROR;
				GCC_WARN_UNDECLARED_SELECTOR = YES;
				GCC_WARN_UNINITIALIZED_AUTOS = YES_AGGRESSIVE;
				GCC_WARN_UNUSED_FUNCTION = YES;
				GCC_WARN_UNUSED_VARIABLE = YES;
				IPHONEOS_DEPLOYMENT_TARGET = 9.2;
				MTL_ENABLE_DEBUG_INFO = NO;
				SDKROOT = iphoneos;
				TARGETED_DEVICE_FAMILY = "1,2";
				VALIDATE_PRODUCT = YES;
			};
			name = Release;
		};
		3F7083591C4F14130051927B /* Debug */ = {
			isa = XCBuildConfiguration;
			buildSettings = {
				ASSETCATALOG_COMPILER_APPICON_NAME = AppIcon;
				INFOPLIST_FILE = SpaceRunner/Info.plist;
				LD_RUNPATH_SEARCH_PATHS = "$(inherited) @executable_path/Frameworks";
				PRODUCT_BUNDLE_IDENTIFIER = com.jnovak.SpaceRunner;
				PRODUCT_NAME = "$(TARGET_NAME)";
			};
			name = Debug;
		};
		3F70835A1C4F14130051927B /* Release */ = {
			isa = XCBuildConfiguration;
			buildSettings = {
				ASSETCATALOG_COMPILER_APPICON_NAME = AppIcon;
				INFOPLIST_FILE = SpaceRunner/Info.plist;
				LD_RUNPATH_SEARCH_PATHS = "$(inherited) @executable_path/Frameworks";
				PRODUCT_BUNDLE_IDENTIFIER = com.jnovak.SpaceRunner;
				PRODUCT_NAME = "$(TARGET_NAME)";
			};
			name = Release;
		};
		3F70835C1C4F14130051927B /* Debug */ = {
			isa = XCBuildConfiguration;
			buildSettings = {
				BUNDLE_LOADER = "$(TEST_HOST)";
				DEBUG_INFORMATION_FORMAT = dwarf;
				INFOPLIST_FILE = SpaceRunnerTests/Info.plist;
				LD_RUNPATH_SEARCH_PATHS = "$(inherited) @executable_path/Frameworks @loader_path/Frameworks";
				PRODUCT_BUNDLE_IDENTIFIER = com.jnovak.SpaceRunnerTests;
				PRODUCT_NAME = "$(TARGET_NAME)";
				TEST_HOST = "$(BUILT_PRODUCTS_DIR)/SpaceRunner.app/SpaceRunner";
			};
			name = Debug;
		};
		3F70835D1C4F14130051927B /* Release */ = {
			isa = XCBuildConfiguration;
			buildSettings = {
				BUNDLE_LOADER = "$(TEST_HOST)";
				INFOPLIST_FILE = SpaceRunnerTests/Info.plist;
				LD_RUNPATH_SEARCH_PATHS = "$(inherited) @executable_path/Frameworks @loader_path/Frameworks";
				PRODUCT_BUNDLE_IDENTIFIER = com.jnovak.SpaceRunnerTests;
				PRODUCT_NAME = "$(TARGET_NAME)";
				TEST_HOST = "$(BUILT_PRODUCTS_DIR)/SpaceRunner.app/SpaceRunner";
			};
			name = Release;
		};
		3F70835F1C4F14130051927B /* Debug */ = {
			isa = XCBuildConfiguration;
			buildSettings = {
				DEBUG_INFORMATION_FORMAT = dwarf;
				INFOPLIST_FILE = SpaceRunnerUITests/Info.plist;
				LD_RUNPATH_SEARCH_PATHS = "$(inherited) @executable_path/Frameworks @loader_path/Frameworks";
				PRODUCT_BUNDLE_IDENTIFIER = com.jnovak.SpaceRunnerUITests;
				PRODUCT_NAME = "$(TARGET_NAME)";
				TEST_TARGET_NAME = SpaceRunner;
				USES_XCTRUNNER = YES;
			};
			name = Debug;
		};
		3F7083601C4F14130051927B /* Release */ = {
			isa = XCBuildConfiguration;
			buildSettings = {
				INFOPLIST_FILE = SpaceRunnerUITests/Info.plist;
				LD_RUNPATH_SEARCH_PATHS = "$(inherited) @executable_path/Frameworks @loader_path/Frameworks";
				PRODUCT_BUNDLE_IDENTIFIER = com.jnovak.SpaceRunnerUITests;
				PRODUCT_NAME = "$(TARGET_NAME)";
				TEST_TARGET_NAME = SpaceRunner;
				USES_XCTRUNNER = YES;
			};
			name = Release;
		};
/* End XCBuildConfiguration section */

/* Begin XCConfigurationList section */
		3F7083271C4F14130051927B /* Build configuration list for PBXProject "SpaceRunner" */ = {
			isa = XCConfigurationList;
			buildConfigurations = (
				3F7083561C4F14130051927B /* Debug */,
				3F7083571C4F14130051927B /* Release */,
			);
			defaultConfigurationIsVisible = 0;
			defaultConfigurationName = Release;
		};
		3F7083581C4F14130051927B /* Build configuration list for PBXNativeTarget "SpaceRunner" */ = {
			isa = XCConfigurationList;
			buildConfigurations = (
				3F7083591C4F14130051927B /* Debug */,
				3F70835A1C4F14130051927B /* Release */,
			);
			defaultConfigurationIsVisible = 0;
			defaultConfigurationName = Release;
		};
		3F70835B1C4F14130051927B /* Build configuration list for PBXNativeTarget "SpaceRunnerTests" */ = {
			isa = XCConfigurationList;
			buildConfigurations = (
				3F70835C1C4F14130051927B /* Debug */,
				3F70835D1C4F14130051927B /* Release */,
			);
			defaultConfigurationIsVisible = 0;
			defaultConfigurationName = Release;
		};
		3F70835E1C4F14130051927B /* Build configuration list for PBXNativeTarget "SpaceRunnerUITests" */ = {
			isa = XCConfigurationList;
			buildConfigurations = (
				3F70835F1C4F14130051927B /* Debug */,
				3F7083601C4F14130051927B /* Release */,
			);
			defaultConfigurationIsVisible = 0;
			defaultConfigurationName = Release;
		};
/* End XCConfigurationList section */
	};
	rootObject = 3F7083241C4F14130051927B /* Project object */;
}
